
Microsoft Visual Studio Solution File, Format Version 12.00
# Visual Studio Version 16
VisualStudioVersion = 16.0.32228.343
MinimumVisualStudioVersion = 10.0.40219.1
Project("{FAE04EC0-301F-11D3-BF4B-00C04F79EFBC}") = "Task(7)_OOP", "Task(7)_OOP.csproj", "{5037A241-AEC6-40DE-BA9C-9D04F14FF3C0}"
EndProject
Global
	GlobalSection(SolutionConfigurationPlatforms) = preSolution
		Debug|Any CPU = Debug|Any CPU
		Release|Any CPU = Release|Any CPU
	EndGlobalSection
	GlobalSection(ProjectConfigurationPlatforms) = postSolution
		{5037A241-AEC6-40DE-BA9C-9D04F14FF3C0}.Debug|Any CPU.ActiveCfg = Debug|Any CPU
		{5037A241-AEC6-40DE-BA9C-9D04F14FF3C0}.Debug|Any CPU.Build.0 = Debug|Any CPU
		{5037A241-AEC6-40DE-BA9C-9D04F14FF3C0}.Release|Any CPU.ActiveCfg = Release|Any CPU
		{5037A241-AEC6-40DE-BA9C-9D04F14FF3C0}.Release|Any CPU.Build.0 = Release|Any CPU
	EndGlobalSection
	GlobalSection(SolutionProperties) = preSolution
		HideSolutionNode = FALSE
	EndGlobalSection
	GlobalSection(ExtensibilityGlobals) = postSolution
		SolutionGuid = {79537B28-65A0-4EF6-B41D-044E25508BED}
	EndGlobalSection
EndGlobal
